
Microsoft Visual Studio Solution File, Format Version 12.00
# Visual Studio Version 17
VisualStudioVersion = 17.6.33815.320
MinimumVisualStudioVersion = 10.0.40219.1
Project("{FAE04EC0-301F-11D3-BF4B-00C04F79EFBC}") = "Binary to Decimal", "Binary to Decimal.csproj", "{3A1D72BA-48B6-4AAB-B0A2-D3BA0D03E97F}"
EndProject
Global
	GlobalSection(SolutionConfigurationPlatforms) = preSolution
		Debug|Any CPU = Debug|Any CPU
		Release|Any CPU = Release|Any CPU
	EndGlobalSection
	GlobalSection(ProjectConfigurationPlatforms) = postSolution
		{3A1D72BA-48B6-4AAB-B0A2-D3BA0D03E97F}.Debug|Any CPU.ActiveCfg = Debug|Any CPU
		{3A1D72BA-48B6-4AAB-B0A2-D3BA0D03E97F}.Debug|Any CPU.Build.0 = Debug|Any CPU
		{3A1D72BA-48B6-4AAB-B0A2-D3BA0D03E97F}.Release|Any CPU.ActiveCfg = Release|Any CPU
		{3A1D72BA-48B6-4AAB-B0A2-D3BA0D03E97F}.Release|Any CPU.Build.0 = Release|Any CPU
	EndGlobalSection
	GlobalSection(SolutionProperties) = preSolution
		HideSolutionNode = FALSE
	EndGlobalSection
	GlobalSection(ExtensibilityGlobals) = postSolution
		SolutionGuid = {E5CFC3C3-8C1F-48B2-8C9F-37928757827C}
	EndGlobalSection
EndGlobal
